// !$*UTF8*$!
{
	archiveVersion = 1;
	classes = {
	};
	objectVersion = 77;
	objects = {

/* Begin PBXBuildFile section */
		4BDBA87D2E766F3E00AD6803 /* TKLineChart in Frameworks */ = {isa = PBXBuildFile; productRef = 4BDBA87C2E766F3E00AD6803 /* TKLineChart */; };
		4BDBA8812E76706600AD6803 /* TKLineChart in Frameworks */ = {isa = PBXBuildFile; productRef = 4BDBA8802E76706600AD6803 /* TKLineChart */; };
		4BDBA8D22E7673ED00AD6803 /* TKLineChart in Frameworks */ = {isa = PBXBuildFile; productRef = 4BDBA8D12E7673ED00AD6803 /* TKLineChart */; };
/* End PBXBuildFile section */

/* Begin PBXContainerItemProxy section */
		4BDBA85E2E766EE500AD6803 /* PBXContainerItemProxy */ = {
			isa = PBXContainerItemProxy;
			containerPortal = 4BDBA83F2E766EE300AD6803 /* Project object */;
			proxyType = 1;
			remoteGlobalIDString = 4BDBA8462E766EE300AD6803;
			remoteInfo = TKLineChartDemo;
		};
		4BDBA8682E766EE500AD6803 /* PBXContainerItemProxy */ = {
			isa = PBXContainerItemProxy;
			containerPortal = 4BDBA83F2E766EE300AD6803 /* Project object */;
			proxyType = 1;
			remoteGlobalIDString = 4BDBA8462E766EE300AD6803;
			remoteInfo = TKLineChartDemo;
		};
/* End PBXContainerItemProxy section */

/* Begin PBXFileReference section */
		4BDBA8472E766EE300AD6803 /* TKLineChartDemo.app */ = {isa = PBXFileReference; explicitFileType = wrapper.application; includeInIndex = 0; path = TKLineChartDemo.app; sourceTree = BUILT_PRODUCTS_DIR; };
		4BDBA85D2E766EE500AD6803 /* TKLineChartDemoTests.xctest */ = {isa = PBXFileReference; explicitFileType = wrapper.cfbundle; includeInIndex = 0; path = TKLineChartDemoTests.xctest; sourceTree = BUILT_PRODUCTS_DIR; };
		4BDBA8672E766EE500AD6803 /* TKLineChartDemoUITests.xctest */ = {isa = PBXFileReference; explicitFileType = wrapper.cfbundle; includeInIndex = 0; path = TKLineChartDemoUITests.xctest; sourceTree = BUILT_PRODUCTS_DIR; };
/* End PBXFileReference section */

/* Begin PBXFileSystemSynchronizedBuildFileExceptionSet section */
		4BDBA86F2E766EE500AD6803 /* Exceptions for "TKLineChartDemo" folder in "TKLineChartDemo" target */ = {
			isa = PBXFileSystemSynchronizedBuildFileExceptionSet;
			membershipExceptions = (
				Info.plist,
			);
			target = 4BDBA8462E766EE300AD6803 /* TKLineChartDemo */;
		};
/* End PBXFileSystemSynchronizedBuildFileExceptionSet section */

/* Begin PBXFileSystemSynchronizedRootGroup section */
		4BDBA8492E766EE300AD6803 /* TKLineChartDemo */ = {
			isa = PBXFileSystemSynchronizedRootGroup;
			exceptions = (
				4BDBA86F2E766EE500AD6803 /* Exceptions for "TKLineChartDemo" folder in "TKLineChartDemo" target */,
			);
			path = TKLineChartDemo;
			sourceTree = "<group>";
		};
		4BDBA8602E766EE500AD6803 /* TKLineChartDemoTests */ = {
			isa = PBXFileSystemSynchronizedRootGroup;
			path = TKLineChartDemoTests;
			sourceTree = "<group>";
		};
		4BDBA86A2E766EE500AD6803 /* TKLineChartDemoUITests */ = {
			isa = PBXFileSystemSynchronizedRootGroup;
			path = TKLineChartDemoUITests;
			sourceTree = "<group>";
		};
/* End PBXFileSystemSynchronizedRootGroup section */

/* Begin PBXFrameworksBuildPhase section */
		4BDBA8442E766EE300AD6803 /* Frameworks */ = {
			isa = PBXFrameworksBuildPhase;
			buildActionMask = 2147483647;
			files = (
				4BDBA8D22E7673ED00AD6803 /* TKLineChart in Frameworks */,
				4BDBA8812E76706600AD6803 /* TKLineChart in Frameworks */,
				4BDBA87D2E766F3E00AD6803 /* TKLineChart in Frameworks */,
			);
			runOnlyForDeploymentPostprocessing = 0;
		};
		4BDBA85A2E766EE500AD6803 /* Frameworks */ = {
			isa = PBXFrameworksBuildPhase;
			buildActionMask = 2147483647;
			files = (
			);
			runOnlyForDeploymentPostprocessing = 0;
		};
		4BDBA8642E766EE500AD6803 /* Frameworks */ = {
			isa = PBXFrameworksBuildPhase;
			buildActionMask = 2147483647;
			files = (
			);
			runOnlyForDeploymentPostprocessing = 0;
		};
/* End PBXFrameworksBuildPhase section */

/* Begin PBXGroup section */
		4BDBA83E2E766EE300AD6803 = {
			isa = PBXGroup;
			children = (
				4BDBA8492E766EE300AD6803 /* TKLineChartDemo */,
				4BDBA8602E766EE500AD6803 /* TKLineChartDemoTests */,
				4BDBA86A2E766EE500AD6803 /* TKLineChartDemoUITests */,
				4BDBA8482E766EE300AD6803 /* Products */,
			);
			sourceTree = "<group>";
		};
		4BDBA8482E766EE300AD6803 /* Products */ = {
			isa = PBXGroup;
			children = (
				4BDBA8472E766EE300AD6803 /* TKLineChartDemo.app */,
				4BDBA85D2E766EE500AD6803 /* TKLineChartDemoTests.xctest */,
				4BDBA8672E766EE500AD6803 /* TKLineChartDemoUITests.xctest */,
			);
			name = Products;
			sourceTree = "<group>";
		};
/* End PBXGroup section */

/* Begin PBXNativeTarget section */
		4BDBA8462E766EE300AD6803 /* TKLineChartDemo */ = {
			isa = PBXNativeTarget;
			buildConfigurationList = 4BDBA8702E766EE500AD6803 /* Build configuration list for PBXNativeTarget "TKLineChartDemo" */;
			buildPhases = (
				4BDBA8432E766EE300AD6803 /* Sources */,
				4BDBA8442E766EE300AD6803 /* Frameworks */,
				4BDBA8452E766EE300AD6803 /* Resources */,
			);
			buildRules = (
			);
			dependencies = (
			);
			fileSystemSynchronizedGroups = (
				4BDBA8492E766EE300AD6803 /* TKLineChartDemo */,
			);
			name = TKLineChartDemo;
			packageProductDependencies = (
				4BDBA87C2E766F3E00AD6803 /* TKLineChart */,
				4BDBA8802E76706600AD6803 /* TKLineChart */,
				4BDBA8D12E7673ED00AD6803 /* TKLineChart */,
			);
			productName = TKLineChartDemo;
			productReference = 4BDBA8472E766EE300AD6803 /* TKLineChartDemo.app */;
			productType = "com.apple.product-type.application";
		};
		4BDBA85C2E766EE500AD6803 /* TKLineChartDemoTests */ = {
			isa = PBXNativeTarget;
			buildConfigurationList = 4BDBA8752E766EE500AD6803 /* Build configuration list for PBXNativeTarget "TKLineChartDemoTests" */;
			buildPhases = (
				4BDBA8592E766EE500AD6803 /* Sources */,
				4BDBA85A2E766EE500AD6803 /* Frameworks */,
				4BDBA85B2E766EE500AD6803 /* Resources */,
			);
			buildRules = (
			);
			dependencies = (
				4BDBA85F2E766EE500AD6803 /* PBXTargetDependency */,
			);
			fileSystemSynchronizedGroups = (
				4BDBA8602E766EE500AD6803 /* TKLineChartDemoTests */,
			);
			name = TKLineChartDemoTests;
			packageProductDependencies = (
			);
			productName = TKLineChartDemoTests;
			productReference = 4BDBA85D2E766EE500AD6803 /* TKLineChartDemoTests.xctest */;
			productType = "com.apple.product-type.bundle.unit-test";
		};
		4BDBA8662E766EE500AD6803 /* TKLineChartDemoUITests */ = {
			isa = PBXNativeTarget;
			buildConfigurationList = 4BDBA8782E766EE500AD6803 /* Build configuration list for PBXNativeTarget "TKLineChartDemoUITests" */;
			buildPhases = (
				4BDBA8632E766EE500AD6803 /* Sources */,
				4BDBA8642E766EE500AD6803 /* Frameworks */,
				4BDBA8652E766EE500AD6803 /* Resources */,
			);
			buildRules = (
			);
			dependencies = (
				4BDBA8692E766EE500AD6803 /* PBXTargetDependency */,
			);
			fileSystemSynchronizedGroups = (
				4BDBA86A2E766EE500AD6803 /* TKLineChartDemoUITests */,
			);
			name = TKLineChartDemoUITests;
			packageProductDependencies = (
			);
			productName = TKLineChartDemoUITests;
			productReference = 4BDBA8672E766EE500AD6803 /* TKLineChartDemoUITests.xctest */;
			productType = "com.apple.product-type.bundle.ui-testing";
		};
/* End PBXNativeTarget section */

/* Begin PBXProject section */
		4BDBA83F2E766EE300AD6803 /* Project object */ = {
			isa = PBXProject;
			attributes = {
				BuildIndependentTargetsInParallel = 1;
				LastSwiftUpdateCheck = 1640;
				LastUpgradeCheck = 1640;
				TargetAttributes = {
					4BDBA8462E766EE300AD6803 = {
						CreatedOnToolsVersion = 16.4;
					};
					4BDBA85C2E766EE500AD6803 = {
						CreatedOnToolsVersion = 16.4;
						TestTargetID = 4BDBA8462E766EE300AD6803;
					};
					4BDBA8662E766EE500AD6803 = {
						CreatedOnToolsVersion = 16.4;
						TestTargetID = 4BDBA8462E766EE300AD6803;
					};
				};
			};
			buildConfigurationList = 4BDBA8422E766EE300AD6803 /* Build configuration list for PBXProject "TKLineChartDemo" */;
			developmentRegion = en;
			hasScannedForEncodings = 0;
			knownRegions = (
				en,
				Base,
			);
			mainGroup = 4BDBA83E2E766EE300AD6803;
			minimizedProjectReferenceProxies = 1;
			packageReferences = (
				4BB893722E77FCB900D4E2C2 /* XCLocalSwiftPackageReference "../../../TKlineChart" */,
			);
			preferredProjectObjectVersion = 77;
			productRefGroup = 4BDBA8482E766EE300AD6803 /* Products */;
			projectDirPath = "";
			projectRoot = "";
			targets = (
				4BDBA8462E766EE300AD6803 /* TKLineChartDemo */,
				4BDBA85C2E766EE500AD6803 /* TKLineChartDemoTests */,
				4BDBA8662E766EE500AD6803 /* TKLineChartDemoUITests */,
			);
		};
/* End PBXProject section */

/* Begin PBXResourcesBuildPhase section */
		4BDBA8452E766EE300AD6803 /* Resources */ = {
			isa = PBXResourcesBuildPhase;
			buildActionMask = 2147483647;
			files = (
			);
			runOnlyForDeploymentPostprocessing = 0;
		};
		4BDBA85B2E766EE500AD6803 /* Resources */ = {
			isa = PBXResourcesBuildPhase;
			buildActionMask = 2147483647;
			files = (
			);
			runOnlyForDeploymentPostprocessing = 0;
		};
		4BDBA8652E766EE500AD6803 /* Resources */ = {
			isa = PBXResourcesBuildPhase;
			buildActionMask = 2147483647;
			files = (
			);
			runOnlyForDeploymentPostprocessing = 0;
		};
/* End PBXResourcesBuildPhase section */

/* Begin PBXSourcesBuildPhase section */
		4BDBA8432E766EE300AD6803 /* Sources */ = {
			isa = PBXSourcesBuildPhase;
			buildActionMask = 2147483647;
			files = (
			);
			runOnlyForDeploymentPostprocessing = 0;
		};
		4BDBA8592E766EE500AD6803 /* Sources */ = {
			isa = PBXSourcesBuildPhase;
			buildActionMask = 2147483647;
			files = (
			);
			runOnlyForDeploymentPostprocessing = 0;
		};
		4BDBA8632E766EE500AD6803 /* Sources */ = {
			isa = PBXSourcesBuildPhase;
			buildActionMask = 2147483647;
			files = (
			);
			runOnlyForDeploymentPostprocessing = 0;
		};
/* End PBXSourcesBuildPhase section */

/* Begin PBXTargetDependency section */
		4BDBA85F2E766EE500AD6803 /* PBXTargetDependency */ = {
			isa = PBXTargetDependency;
			target = 4BDBA8462E766EE300AD6803 /* TKLineChartDemo */;
			targetProxy = 4BDBA85E2E766EE500AD6803 /* PBXContainerItemProxy */;
		};
		4BDBA8692E766EE500AD6803 /* PBXTargetDependency */ = {
			isa = PBXTargetDependency;
			target = 4BDBA8462E766EE300AD6803 /* TKLineChartDemo */;
			targetProxy = 4BDBA8682E766EE500AD6803 /* PBXContainerItemProxy */;
		};
/* End PBXTargetDependency section */

/* Begin XCBuildConfiguration section */
		4BDBA8712E766EE500AD6803 /* Debug */ = {
			isa = XCBuildConfiguration;
			buildSettings = {
				ASSETCATALOG_COMPILER_APPICON_NAME = AppIcon;
				ASSETCATALOG_COMPILER_GLOBAL_ACCENT_COLOR_NAME = AccentColor;
				CODE_SIGN_STYLE = Automatic;
				CURRENT_PROJECT_VERSION = 1;
				DEVELOPMENT_TEAM = 9Y2AA3M9KK;
				GENERATE_INFOPLIST_FILE = YES;
				INFOPLIST_FILE = TKLineChartDemo/Info.plist;
				INFOPLIST_KEY_UIApplicationSupportsIndirectInputEvents = YES;
				INFOPLIST_KEY_UILaunchStoryboardName = LaunchScreen;
				INFOPLIST_KEY_UIMainStoryboardFile = Main;
				INFOPLIST_KEY_UISupportedInterfaceOrientations_iPad = "UIInterfaceOrientationPortrait UIInterfaceOrientationPortraitUpsideDown UIInterfaceOrientationLandscapeLeft UIInterfaceOrientationLandscapeRight";
				INFOPLIST_KEY_UISupportedInterfaceOrientations_iPhone = "UIInterfaceOrientationPortrait UIInterfaceOrientationLandscapeLeft UIInterfaceOrientationLandscapeRight";
				IPHONEOS_DEPLOYMENT_TARGET = 15.6;
				LD_RUNPATH_SEARCH_PATHS = (
					"$(inherited)",
					"@executable_path/Frameworks",
				);
				MARKETING_VERSION = 1.0;
				PRODUCT_BUNDLE_IDENTIFIER = qt.com.TKLineChartDemo;
				PRODUCT_NAME = "$(TARGET_NAME)";
				SWIFT_EMIT_LOC_STRINGS = YES;
				SWIFT_VERSION = 5.0;
				TARGETED_DEVICE_FAMILY = "1,2";
			};
			name = Debug;
		};
		4BDBA8722E766EE500AD6803 /* Release */ = {
			isa = XCBuildConfiguration;
			buildSettings = {
				ASSETCATALOG_COMPILER_APPICON_NAME = AppIcon;
				ASSETCATALOG_COMPILER_GLOBAL_ACCENT_COLOR_NAME = AccentColor;
				CODE_SIGN_STYLE = Automatic;
				CURRENT_PROJECT_VERSION = 1;
				DEVELOPMENT_TEAM = 9Y2AA3M9KK;
				GENERATE_INFOPLIST_FILE = YES;
				INFOPLIST_FILE = TKLineChartDemo/Info.plist;
				INFOPLIST_KEY_UIApplicationSupportsIndirectInputEvents = YES;
				INFOPLIST_KEY_UILaunchStoryboardName = LaunchScreen;
				INFOPLIST_KEY_UIMainStoryboardFile = Main;
				INFOPLIST_KEY_UISupportedInterfaceOrientations_iPad = "UIInterfaceOrientationPortrait UIInterfaceOrientationPortraitUpsideDown UIInterfaceOrientationLandscapeLeft UIInterfaceOrientationLandscapeRight";
				INFOPLIST_KEY_UISupportedInterfaceOrientations_iPhone = "UIInterfaceOrientationPortrait UIInterfaceOrientationLandscapeLeft UIInterfaceOrientationLandscapeRight";
				IPHONEOS_DEPLOYMENT_TARGET = 15.6;
				LD_RUNPATH_SEARCH_PATHS = (
					"$(inherited)",
					"@executable_path/Frameworks",
				);
				MARKETING_VERSION = 1.0;
				PRODUCT_BUNDLE_IDENTIFIER = qt.com.TKLineChartDemo;
				PRODUCT_NAME = "$(TARGET_NAME)";
				SWIFT_EMIT_LOC_STRINGS = YES;
				SWIFT_VERSION = 5.0;
				TARGETED_DEVICE_FAMILY = "1,2";
			};
			name = Release;
		};
		4BDBA8732E766EE500AD6803 /* Debug */ = {
			isa = XCBuildConfiguration;
			buildSettings = {
				ALWAYS_SEARCH_USER_PATHS = NO;
				ASSETCATALOG_COMPILER_GENERATE_SWIFT_ASSET_SYMBOL_EXTENSIONS = YES;
				CLANG_ANALYZER_NONNULL = YES;
				CLANG_ANALYZER_NUMBER_OBJECT_CONVERSION = YES_AGGRESSIVE;
				CLANG_CXX_LANGUAGE_STANDARD = "gnu++20";
				CLANG_ENABLE_MODULES = YES;
				CLANG_ENABLE_OBJC_ARC = YES;
				CLANG_ENABLE_OBJC_WEAK = YES;
				CLANG_WARN_BLOCK_CAPTURE_AUTORELEASING = YES;
				CLANG_WARN_BOOL_CONVERSION = YES;
				CLANG_WARN_COMMA = YES;
				CLANG_WARN_CONSTANT_CONVERSION = YES;
				CLANG_WARN_DEPRECATED_OBJC_IMPLEMENTATIONS = YES;
				CLANG_WARN_DIRECT_OBJC_ISA_USAGE = YES_ERROR;
				CLANG_WARN_DOCUMENTATION_COMMENTS = YES;
				CLANG_WARN_EMPTY_BODY = YES;
				CLANG_WARN_ENUM_CONVERSION = YES;
				CLANG_WARN_INFINITE_RECURSION = YES;
				CLANG_WARN_INT_CONVERSION = YES;
				CLANG_WARN_NON_LITERAL_NULL_CONVERSION = YES;
				CLANG_WARN_OBJC_IMPLICIT_RETAIN_SELF = YES;
				CLANG_WARN_OBJC_LITERAL_CONVERSION = YES;
				CLANG_WARN_OBJC_ROOT_CLASS = YES_ERROR;
				CLANG_WARN_QUOTED_INCLUDE_IN_FRAMEWORK_HEADER = YES;
				CLANG_WARN_RANGE_LOOP_ANALYSIS = YES;
				CLANG_WARN_STRICT_PROTOTYPES = YES;
				CLANG_WARN_SUSPICIOUS_MOVE = YES;
				CLANG_WARN_UNGUARDED_AVAILABILITY = YES_AGGRESSIVE;
				CLANG_WARN_UNREACHABLE_CODE = YES;
				CLANG_WARN__DUPLICATE_METHOD_MATCH = YES;
				COPY_PHASE_STRIP = NO;
				DEBUG_INFORMATION_FORMAT = dwarf;
				ENABLE_STRICT_OBJC_MSGSEND = YES;
				ENABLE_TESTABILITY = YES;
				ENABLE_USER_SCRIPT_SANDBOXING = YES;
				GCC_C_LANGUAGE_STANDARD = gnu17;
				GCC_DYNAMIC_NO_PIC = NO;
				GCC_NO_COMMON_BLOCKS = YES;
				GCC_OPTIMIZATION_LEVEL = 0;
				GCC_PREPROCESSOR_DEFINITIONS = (
					"DEBUG=1",
					"$(inherited)",
				);
				GCC_WARN_64_TO_32_BIT_CONVERSION = YES;
				GCC_WARN_ABOUT_RETURN_TYPE = YES_ERROR;
				GCC_WARN_UNDECLARED_SELECTOR = YES;
				GCC_WARN_UNINITIALIZED_AUTOS = YES_AGGRESSIVE;
				GCC_WARN_UNUSED_FUNCTION = YES;
				GCC_WARN_UNUSED_VARIABLE = YES;
				IPHONEOS_DEPLOYMENT_TARGET = 18.5;
				LOCALIZATION_PREFERS_STRING_CATALOGS = YES;
				MTL_ENABLE_DEBUG_INFO = INCLUDE_SOURCE;
				MTL_FAST_MATH = YES;
				ONLY_ACTIVE_ARCH = YES;
				SDKROOT = iphoneos;
				SWIFT_ACTIVE_COMPILATION_CONDITIONS = "DEBUG $(inherited)";
				SWIFT_OPTIMIZATION_LEVEL = "-Onone";
			};
			name = Debug;
		};
		4BDBA8742E766EE500AD6803 /* Release */ = {
			isa = XCBuildConfiguration;
			buildSettings = {
				ALWAYS_SEARCH_USER_PATHS = NO;
				ASSETCATALOG_COMPILER_GENERATE_SWIFT_ASSET_SYMBOL_EXTENSIONS = YES;
				CLANG_ANALYZER_NONNULL = YES;
				CLANG_ANALYZER_NUMBER_OBJECT_CONVERSION = YES_AGGRESSIVE;
				CLANG_CXX_LANGUAGE_STANDARD = "gnu++20";
				CLANG_ENABLE_MODULES = YES;
				CLANG_ENABLE_OBJC_ARC = YES;
				CLANG_ENABLE_OBJC_WEAK = YES;
				CLANG_WARN_BLOCK_CAPTURE_AUTORELEASING = YES;
				CLANG_WARN_BOOL_CONVERSION = YES;
				CLANG_WARN_COMMA = YES;
				CLANG_WARN_CONSTANT_CONVERSION = YES;
				CLANG_WARN_DEPRECATED_OBJC_IMPLEMENTATIONS = YES;
				CLANG_WARN_DIRECT_OBJC_ISA_USAGE = YES_ERROR;
				CLANG_WARN_DOCUMENTATION_COMMENTS = YES;
				CLANG_WARN_EMPTY_BODY = YES;
				CLANG_WARN_ENUM_CONVERSION = YES;
				CLANG_WARN_INFINITE_RECURSION = YES;
				CLANG_WARN_INT_CONVERSION = YES;
				CLANG_WARN_NON_LITERAL_NULL_CONVERSION = YES;
				CLANG_WARN_OBJC_IMPLICIT_RETAIN_SELF = YES;
				CLANG_WARN_OBJC_LITERAL_CONVERSION = YES;
				CLANG_WARN_OBJC_ROOT_CLASS = YES_ERROR;
				CLANG_WARN_QUOTED_INCLUDE_IN_FRAMEWORK_HEADER = YES;
				CLANG_WARN_RANGE_LOOP_ANALYSIS = YES;
				CLANG_WARN_STRICT_PROTOTYPES = YES;
				CLANG_WARN_SUSPICIOUS_MOVE = YES;
				CLANG_WARN_UNGUARDED_AVAILABILITY = YES_AGGRESSIVE;
				CLANG_WARN_UNREACHABLE_CODE = YES;
				CLANG_WARN__DUPLICATE_METHOD_MATCH = YES;
				COPY_PHASE_STRIP = NO;
				DEBUG_INFORMATION_FORMAT = "dwarf-with-dsym";
				ENABLE_NS_ASSERTIONS = NO;
				ENABLE_STRICT_OBJC_MSGSEND = YES;
				ENABLE_USER_SCRIPT_SANDBOXING = YES;
				GCC_C_LANGUAGE_STANDARD = gnu17;
				GCC_NO_COMMON_BLOCKS = YES;
				GCC_WARN_64_TO_32_BIT_CONVERSION = YES;
				GCC_WARN_ABOUT_RETURN_TYPE = YES_ERROR;
				GCC_WARN_UNDECLARED_SELECTOR = YES;
				GCC_WARN_UNINITIALIZED_AUTOS = YES_AGGRESSIVE;
				GCC_WARN_UNUSED_FUNCTION = YES;
				GCC_WARN_UNUSED_VARIABLE = YES;
				IPHONEOS_DEPLOYMENT_TARGET = 18.5;
				LOCALIZATION_PREFERS_STRING_CATALOGS = YES;
				MTL_ENABLE_DEBUG_INFO = NO;
				MTL_FAST_MATH = YES;
				SDKROOT = iphoneos;
				SWIFT_COMPILATION_MODE = wholemodule;
				VALIDATE_PRODUCT = YES;
			};
			name = Release;
		};
		4BDBA8762E766EE500AD6803 /* Debug */ = {
			isa = XCBuildConfiguration;
			buildSettings = {
				BUNDLE_LOADER = "$(TEST_HOST)";
				CODE_SIGN_STYLE = Automatic;
				CURRENT_PROJECT_VERSION = 1;
				GENERATE_INFOPLIST_FILE = YES;
				IPHONEOS_DEPLOYMENT_TARGET = 18.5;
				MARKETING_VERSION = 1.0;
				PRODUCT_BUNDLE_IDENTIFIER = qt.com.TKLineChartDemoTests;
				PRODUCT_NAME = "$(TARGET_NAME)";
				SWIFT_EMIT_LOC_STRINGS = NO;
				SWIFT_VERSION = 5.0;
				TARGETED_DEVICE_FAMILY = "1,2";
				TEST_HOST = "$(BUILT_PRODUCTS_DIR)/TKLineChartDemo.app/$(BUNDLE_EXECUTABLE_FOLDER_PATH)/TKLineChartDemo";
			};
			name = Debug;
		};
		4BDBA8772E766EE500AD6803 /* Release */ = {
			isa = XCBuildConfiguration;
			buildSettings = {
				BUNDLE_LOADER = "$(TEST_HOST)";
				CODE_SIGN_STYLE = Automatic;
				CURRENT_PROJECT_VERSION = 1;
				GENERATE_INFOPLIST_FILE = YES;
				IPHONEOS_DEPLOYMENT_TARGET = 18.5;
				MARKETING_VERSION = 1.0;
				PRODUCT_BUNDLE_IDENTIFIER = qt.com.TKLineChartDemoTests;
				PRODUCT_NAME = "$(TARGET_NAME)";
				SWIFT_EMIT_LOC_STRINGS = NO;
				SWIFT_VERSION = 5.0;
				TARGETED_DEVICE_FAMILY = "1,2";
				TEST_HOST = "$(BUILT_PRODUCTS_DIR)/TKLineChartDemo.app/$(BUNDLE_EXECUTABLE_FOLDER_PATH)/TKLineChartDemo";
			};
			name = Release;
		};
		4BDBA8792E766EE500AD6803 /* Debug */ = {
			isa = XCBuildConfiguration;
			buildSettings = {
				CODE_SIGN_STYLE = Automatic;
				CURRENT_PROJECT_VERSION = 1;
				GENERATE_INFOPLIST_FILE = YES;
				MARKETING_VERSION = 1.0;
				PRODUCT_BUNDLE_IDENTIFIER = qt.com.TKLineChartDemoUITests;
				PRODUCT_NAME = "$(TARGET_NAME)";
				SWIFT_EMIT_LOC_STRINGS = NO;
				SWIFT_VERSION = 5.0;
				TARGETED_DEVICE_FAMILY = "1,2";
				TEST_TARGET_NAME = TKLineChartDemo;
			};
			name = Debug;
		};
		4BDBA87A2E766EE500AD6803 /* Release */ = {
			isa = XCBuildConfiguration;
			buildSettings = {
				CODE_SIGN_STYLE = Automatic;
				CURRENT_PROJECT_VERSION = 1;
				GENERATE_INFOPLIST_FILE = YES;
				MARKETING_VERSION = 1.0;
				PRODUCT_BUNDLE_IDENTIFIER = qt.com.TKLineChartDemoUITests;
				PRODUCT_NAME = "$(TARGET_NAME)";
				SWIFT_EMIT_LOC_STRINGS = NO;
				SWIFT_VERSION = 5.0;
				TARGETED_DEVICE_FAMILY = "1,2";
				TEST_TARGET_NAME = TKLineChartDemo;
			};
			name = Release;
		};
/* End XCBuildConfiguration section */

/* Begin XCConfigurationList section */
		4BDBA8422E766EE300AD6803 /* Build configuration list for PBXProject "TKLineChartDemo" */ = {
			isa = XCConfigurationList;
			buildConfigurations = (
				4BDBA8732E766EE500AD6803 /* Debug */,
				4BDBA8742E766EE500AD6803 /* Release */,
			);
			defaultConfigurationIsVisible = 0;
			defaultConfigurationName = Release;
		};
		4BDBA8702E766EE500AD6803 /* Build configuration list for PBXNativeTarget "TKLineChartDemo" */ = {
			isa = XCConfigurationList;
			buildConfigurations = (
				4BDBA8712E766EE500AD6803 /* Debug */,
				4BDBA8722E766EE500AD6803 /* Release */,
			);
			defaultConfigurationIsVisible = 0;
			defaultConfigurationName = Release;
		};
		4BDBA8752E766EE500AD6803 /* Build configuration list for PBXNativeTarget "TKLineChartDemoTests" */ = {
			isa = XCConfigurationList;
			buildConfigurations = (
				4BDBA8762E766EE500AD6803 /* Debug */,
				4BDBA8772E766EE500AD6803 /* Release */,
			);
			defaultConfigurationIsVisible = 0;
			defaultConfigurationName = Release;
		};
		4BDBA8782E766EE500AD6803 /* Build configuration list for PBXNativeTarget "TKLineChartDemoUITests" */ = {
			isa = XCConfigurationList;
			buildConfigurations = (
				4BDBA8792E766EE500AD6803 /* Debug */,
				4BDBA87A2E766EE500AD6803 /* Release */,
			);
			defaultConfigurationIsVisible = 0;
			defaultConfigurationName = Release;
		};
/* End XCConfigurationList section */

/* Begin XCLocalSwiftPackageReference section */
		4BB893722E77FCB900D4E2C2 /* XCLocalSwiftPackageReference "../../../TKlineChart" */ = {
			isa = XCLocalSwiftPackageReference;
			relativePath = ../../../TKlineChart;
		};
/* End XCLocalSwiftPackageReference section */

/* Begin XCSwiftPackageProductDependency section */
		4BDBA87C2E766F3E00AD6803 /* TKLineChart */ = {
			isa = XCSwiftPackageProductDependency;
			productName = TKLineChart;
		};
		4BDBA8802E76706600AD6803 /* TKLineChart */ = {
			isa = XCSwiftPackageProductDependency;
			productName = TKLineChart;
		};
		4BDBA8D12E7673ED00AD6803 /* TKLineChart */ = {
			isa = XCSwiftPackageProductDependency;
			productName = TKLineChart;
		};
/* End XCSwiftPackageProductDependency section */
	};
	rootObject = 4BDBA83F2E766EE300AD6803 /* Project object */;
}
